// !$*UTF8*$!
{
	archiveVersion = 1;
	classes = {
	};
	objectVersion = 56;
	objects = {

/* Begin PBXBuildFile section */
		D311C90E2A0CE1BF00D57BDE /* RegisterSwiftUIView.swift in Sources */ = {isa = PBXBuildFile; fileRef = D311C90D2A0CE1BF00D57BDE /* RegisterSwiftUIView.swift */; };
		D34675192A0BAD3D002FB4DC /* MyAppApp.swift in Sources */ = {isa = PBXBuildFile; fileRef = D34675182A0BAD3D002FB4DC /* MyAppApp.swift */; };
		D346751D2A0BAD3E002FB4DC /* Assets.xcassets in Resources */ = {isa = PBXBuildFile; fileRef = D346751C2A0BAD3E002FB4DC /* Assets.xcassets */; };
		D34675202A0BAD3E002FB4DC /* Preview Assets.xcassets in Resources */ = {isa = PBXBuildFile; fileRef = D346751F2A0BAD3E002FB4DC /* Preview Assets.xcassets */; };
		D34675222A0BAD3E002FB4DC /* Persistence.swift in Sources */ = {isa = PBXBuildFile; fileRef = D34675212A0BAD3E002FB4DC /* Persistence.swift */; };
		D34675252A0BAD3E002FB4DC /* MyApp.xcdatamodeld in Sources */ = {isa = PBXBuildFile; fileRef = D34675232A0BAD3E002FB4DC /* MyApp.xcdatamodeld */; };
		D346752F2A0BAEB9002FB4DC /* WelcomeView.swift in Sources */ = {isa = PBXBuildFile; fileRef = D346752E2A0BAEB9002FB4DC /* WelcomeView.swift */; };
		D34675332A0BB79B002FB4DC /* UIScreen + Utilities.swift in Sources */ = {isa = PBXBuildFile; fileRef = D34675322A0BB79B002FB4DC /* UIScreen + Utilities.swift */; };
		D34675352A0BB896002FB4DC /* Color + Utilities.swift in Sources */ = {isa = PBXBuildFile; fileRef = D34675342A0BB896002FB4DC /* Color + Utilities.swift */; };
		D34675372A0BBBFB002FB4DC /* WelcomeMessage.swift in Sources */ = {isa = PBXBuildFile; fileRef = D34675362A0BBBFB002FB4DC /* WelcomeMessage.swift */; };
		D346753E2A0BC412002FB4DC /* WelcomeShape.swift in Sources */ = {isa = PBXBuildFile; fileRef = D346753D2A0BC412002FB4DC /* WelcomeShape.swift */; };
		D34675402A0CC767002FB4DC /* RegisterViewController.swift in Sources */ = {isa = PBXBuildFile; fileRef = D346753F2A0CC767002FB4DC /* RegisterViewController.swift */; };
		D34675422A0CC7AD002FB4DC /* RegisterStoryBoard.storyboard in Resources */ = {isa = PBXBuildFile; fileRef = D34675412A0CC7AD002FB4DC /* RegisterStoryBoard.storyboard */; };
/* End PBXBuildFile section */

/* Begin PBXFileReference section */
		D311C90D2A0CE1BF00D57BDE /* RegisterSwiftUIView.swift */ = {isa = PBXFileReference; lastKnownFileType = sourcecode.swift; path = RegisterSwiftUIView.swift; sourceTree = "<group>"; };
		D34675152A0BAD3D002FB4DC /* MyApp.app */ = {isa = PBXFileReference; explicitFileType = wrapper.application; includeInIndex = 0; path = MyApp.app; sourceTree = BUILT_PRODUCTS_DIR; };
		D34675182A0BAD3D002FB4DC /* MyAppApp.swift */ = {isa = PBXFileReference; lastKnownFileType = sourcecode.swift; path = MyAppApp.swift; sourceTree = "<group>"; };
		D346751C2A0BAD3E002FB4DC /* Assets.xcassets */ = {isa = PBXFileReference; lastKnownFileType = folder.assetcatalog; path = Assets.xcassets; sourceTree = "<group>"; };
		D346751F2A0BAD3E002FB4DC /* Preview Assets.xcassets */ = {isa = PBXFileReference; lastKnownFileType = folder.assetcatalog; path = "Preview Assets.xcassets"; sourceTree = "<group>"; };
		D34675212A0BAD3E002FB4DC /* Persistence.swift */ = {isa = PBXFileReference; lastKnownFileType = sourcecode.swift; path = Persistence.swift; sourceTree = "<group>"; };
		D34675242A0BAD3E002FB4DC /* MyApp.xcdatamodel */ = {isa = PBXFileReference; lastKnownFileType = wrapper.xcdatamodel; path = MyApp.xcdatamodel; sourceTree = "<group>"; };
		D346752E2A0BAEB9002FB4DC /* WelcomeView.swift */ = {isa = PBXFileReference; lastKnownFileType = sourcecode.swift; path = WelcomeView.swift; sourceTree = "<group>"; };
		D34675322A0BB79B002FB4DC /* UIScreen + Utilities.swift */ = {isa = PBXFileReference; lastKnownFileType = sourcecode.swift; path = "UIScreen + Utilities.swift"; sourceTree = "<group>"; };
		D34675342A0BB896002FB4DC /* Color + Utilities.swift */ = {isa = PBXFileReference; lastKnownFileType = sourcecode.swift; path = "Color + Utilities.swift"; sourceTree = "<group>"; };
		D34675362A0BBBFB002FB4DC /* WelcomeMessage.swift */ = {isa = PBXFileReference; lastKnownFileType = sourcecode.swift; path = WelcomeMessage.swift; sourceTree = "<group>"; };
		D346753D2A0BC412002FB4DC /* WelcomeShape.swift */ = {isa = PBXFileReference; lastKnownFileType = sourcecode.swift; path = WelcomeShape.swift; sourceTree = "<group>"; };
		D346753F2A0CC767002FB4DC /* RegisterViewController.swift */ = {isa = PBXFileReference; lastKnownFileType = sourcecode.swift; path = RegisterViewController.swift; sourceTree = "<group>"; };
		D34675412A0CC7AD002FB4DC /* RegisterStoryBoard.storyboard */ = {isa = PBXFileReference; lastKnownFileType = file.storyboard; path = RegisterStoryBoard.storyboard; sourceTree = "<group>"; };
/* End PBXFileReference section */

/* Begin PBXFrameworksBuildPhase section */
		D34675122A0BAD3D002FB4DC /* Frameworks */ = {
			isa = PBXFrameworksBuildPhase;
			buildActionMask = 2147483647;
			files = (
			);
			runOnlyForDeploymentPostprocessing = 0;
		};
/* End PBXFrameworksBuildPhase section */

/* Begin PBXGroup section */
		D346750C2A0BAD3D002FB4DC = {
			isa = PBXGroup;
			children = (
				D34675172A0BAD3D002FB4DC /* MyApp */,
				D34675162A0BAD3D002FB4DC /* Products */,
			);
			sourceTree = "<group>";
		};
		D34675162A0BAD3D002FB4DC /* Products */ = {
			isa = PBXGroup;
			children = (
				D34675152A0BAD3D002FB4DC /* MyApp.app */,
			);
			name = Products;
			sourceTree = "<group>";
		};
		D34675172A0BAD3D002FB4DC /* MyApp */ = {
			isa = PBXGroup;
			children = (
				D34675382A0BC33D002FB4DC /* Shapes */,
				D346752D2A0BAE85002FB4DC /* Extensions */,
				D346752C2A0BAE73002FB4DC /* Models */,
				D346752B2A0BAE5E002FB4DC /* Views */,
				D34675182A0BAD3D002FB4DC /* MyAppApp.swift */,
				D346751C2A0BAD3E002FB4DC /* Assets.xcassets */,
				D34675212A0BAD3E002FB4DC /* Persistence.swift */,
				D34675232A0BAD3E002FB4DC /* MyApp.xcdatamodeld */,
				D346751E2A0BAD3E002FB4DC /* Preview Content */,
			);
			path = MyApp;
			sourceTree = "<group>";
		};
		D346751E2A0BAD3E002FB4DC /* Preview Content */ = {
			isa = PBXGroup;
			children = (
				D346751F2A0BAD3E002FB4DC /* Preview Assets.xcassets */,
			);
			path = "Preview Content";
			sourceTree = "<group>";
		};
		D346752B2A0BAE5E002FB4DC /* Views */ = {
			isa = PBXGroup;
			children = (
				D346752E2A0BAEB9002FB4DC /* WelcomeView.swift */,
				D346753F2A0CC767002FB4DC /* RegisterViewController.swift */,
				D34675412A0CC7AD002FB4DC /* RegisterStoryBoard.storyboard */,
				D311C90D2A0CE1BF00D57BDE /* RegisterSwiftUIView.swift */,
			);
			path = Views;
			sourceTree = "<group>";
		};
		D346752C2A0BAE73002FB4DC /* Models */ = {
			isa = PBXGroup;
			children = (
				D34675362A0BBBFB002FB4DC /* WelcomeMessage.swift */,
			);
			path = Models;
			sourceTree = "<group>";
		};
		D346752D2A0BAE85002FB4DC /* Extensions */ = {
			isa = PBXGroup;
			children = (
				D34675322A0BB79B002FB4DC /* UIScreen + Utilities.swift */,
				D34675342A0BB896002FB4DC /* Color + Utilities.swift */,
			);
			path = Extensions;
			sourceTree = "<group>";
		};
		D34675382A0BC33D002FB4DC /* Shapes */ = {
			isa = PBXGroup;
			children = (
				D346753D2A0BC412002FB4DC /* WelcomeShape.swift */,
			);
			path = Shapes;
			sourceTree = "<group>";
		};
/* End PBXGroup section */

/* Begin PBXNativeTarget section */
		D34675142A0BAD3D002FB4DC /* MyApp */ = {
			isa = PBXNativeTarget;
			buildConfigurationList = D34675282A0BAD3E002FB4DC /* Build configuration list for PBXNativeTarget "MyApp" */;
			buildPhases = (
				D34675112A0BAD3D002FB4DC /* Sources */,
				D34675122A0BAD3D002FB4DC /* Frameworks */,
				D34675132A0BAD3D002FB4DC /* Resources */,
			);
			buildRules = (
			);
			dependencies = (
			);
			name = MyApp;
			productName = MyApp;
			productReference = D34675152A0BAD3D002FB4DC /* MyApp.app */;
			productType = "com.apple.product-type.application";
		};
/* End PBXNativeTarget section */

/* Begin PBXProject section */
		D346750D2A0BAD3D002FB4DC /* Project object */ = {
			isa = PBXProject;
			attributes = {
				BuildIndependentTargetsInParallel = 1;
				LastSwiftUpdateCheck = 1430;
				LastUpgradeCheck = 1430;
				TargetAttributes = {
					D34675142A0BAD3D002FB4DC = {
						CreatedOnToolsVersion = 14.3;
					};
				};
			};
			buildConfigurationList = D34675102A0BAD3D002FB4DC /* Build configuration list for PBXProject "MyApp" */;
			compatibilityVersion = "Xcode 14.0";
			developmentRegion = en;
			hasScannedForEncodings = 0;
			knownRegions = (
				en,
				Base,
			);
			mainGroup = D346750C2A0BAD3D002FB4DC;
			productRefGroup = D34675162A0BAD3D002FB4DC /* Products */;
			projectDirPath = "";
			projectRoot = "";
			targets = (
				D34675142A0BAD3D002FB4DC /* MyApp */,
			);
		};
/* End PBXProject section */

/* Begin PBXResourcesBuildPhase section */
		D34675132A0BAD3D002FB4DC /* Resources */ = {
			isa = PBXResourcesBuildPhase;
			buildActionMask = 2147483647;
			files = (
				D34675202A0BAD3E002FB4DC /* Preview Assets.xcassets in Resources */,
				D34675422A0CC7AD002FB4DC /* RegisterStoryBoard.storyboard in Resources */,
				D346751D2A0BAD3E002FB4DC /* Assets.xcassets in Resources */,
			);
			runOnlyForDeploymentPostprocessing = 0;
		};
/* End PBXResourcesBuildPhase section */

/* Begin PBXSourcesBuildPhase section */
		D34675112A0BAD3D002FB4DC /* Sources */ = {
			isa = PBXSourcesBuildPhase;
			buildActionMask = 2147483647;
			files = (
				D34675402A0CC767002FB4DC /* RegisterViewController.swift in Sources */,
				D34675222A0BAD3E002FB4DC /* Persistence.swift in Sources */,
				D34675252A0BAD3E002FB4DC /* MyApp.xcdatamodeld in Sources */,
				D311C90E2A0CE1BF00D57BDE /* RegisterSwiftUIView.swift in Sources */,
				D346753E2A0BC412002FB4DC /* WelcomeShape.swift in Sources */,
				D34675192A0BAD3D002FB4DC /* MyAppApp.swift in Sources */,
				D34675332A0BB79B002FB4DC /* UIScreen + Utilities.swift in Sources */,
				D34675372A0BBBFB002FB4DC /* WelcomeMessage.swift in Sources */,
				D34675352A0BB896002FB4DC /* Color + Utilities.swift in Sources */,
				D346752F2A0BAEB9002FB4DC /* WelcomeView.swift in Sources */,
			);
			runOnlyForDeploymentPostprocessing = 0;
		};
/* End PBXSourcesBuildPhase section */

/* Begin XCBuildConfiguration section */
		D34675262A0BAD3E002FB4DC /* Debug */ = {
			isa = XCBuildConfiguration;
			buildSettings = {
				ALWAYS_SEARCH_USER_PATHS = NO;
				CLANG_ANALYZER_NONNULL = YES;
				CLANG_ANALYZER_NUMBER_OBJECT_CONVERSION = YES_AGGRESSIVE;
				CLANG_CXX_LANGUAGE_STANDARD = "gnu++20";
				CLANG_ENABLE_MODULES = YES;
				CLANG_ENABLE_OBJC_ARC = YES;
				CLANG_ENABLE_OBJC_WEAK = YES;
				CLANG_WARN_BLOCK_CAPTURE_AUTORELEASING = YES;
				CLANG_WARN_BOOL_CONVERSION = YES;
				CLANG_WARN_COMMA = YES;
				CLANG_WARN_CONSTANT_CONVERSION = YES;
				CLANG_WARN_DEPRECATED_OBJC_IMPLEMENTATIONS = YES;
				CLANG_WARN_DIRECT_OBJC_ISA_USAGE = YES_ERROR;
				CLANG_WARN_DOCUMENTATION_COMMENTS = YES;
				CLANG_WARN_EMPTY_BODY = YES;
				CLANG_WARN_ENUM_CONVERSION = YES;
				CLANG_WARN_INFINITE_RECURSION = YES;
				CLANG_WARN_INT_CONVERSION = YES;
				CLANG_WARN_NON_LITERAL_NULL_CONVERSION = YES;
				CLANG_WARN_OBJC_IMPLICIT_RETAIN_SELF = YES;
				CLANG_WARN_OBJC_LITERAL_CONVERSION = YES;
				CLANG_WARN_OBJC_ROOT_CLASS = YES_ERROR;
				CLANG_WARN_QUOTED_INCLUDE_IN_FRAMEWORK_HEADER = YES;
				CLANG_WARN_RANGE_LOOP_ANALYSIS = YES;
				CLANG_WARN_STRICT_PROTOTYPES = YES;
				CLANG_WARN_SUSPICIOUS_MOVE = YES;
				CLANG_WARN_UNGUARDED_AVAILABILITY = YES_AGGRESSIVE;
				CLANG_WARN_UNREACHABLE_CODE = YES;
				CLANG_WARN__DUPLICATE_METHOD_MATCH = YES;
				COPY_PHASE_STRIP = NO;
				DEBUG_INFORMATION_FORMAT = dwarf;
				ENABLE_STRICT_OBJC_MSGSEND = YES;
				ENABLE_TESTABILITY = YES;
				GCC_C_LANGUAGE_STANDARD = gnu11;
				GCC_DYNAMIC_NO_PIC = NO;
				GCC_NO_COMMON_BLOCKS = YES;
				GCC_OPTIMIZATION_LEVEL = 0;
				GCC_PREPROCESSOR_DEFINITIONS = (
					"DEBUG=1",
					"$(inherited)",
				);
				GCC_WARN_64_TO_32_BIT_CONVERSION = YES;
				GCC_WARN_ABOUT_RETURN_TYPE = YES_ERROR;
				GCC_WARN_UNDECLARED_SELECTOR = YES;
				GCC_WARN_UNINITIALIZED_AUTOS = YES_AGGRESSIVE;
				GCC_WARN_UNUSED_FUNCTION = YES;
				GCC_WARN_UNUSED_VARIABLE = YES;
				IPHONEOS_DEPLOYMENT_TARGET = 16.4;
				MTL_ENABLE_DEBUG_INFO = INCLUDE_SOURCE;
				MTL_FAST_MATH = YES;
				ONLY_ACTIVE_ARCH = YES;
				SDKROOT = iphoneos;
				SWIFT_ACTIVE_COMPILATION_CONDITIONS = DEBUG;
				SWIFT_OPTIMIZATION_LEVEL = "-Onone";
			};
			name = Debug;
		};
		D34675272A0BAD3E002FB4DC /* Release */ = {
			isa = XCBuildConfiguration;
			buildSettings = {
				ALWAYS_SEARCH_USER_PATHS = NO;
				CLANG_ANALYZER_NONNULL = YES;
				CLANG_ANALYZER_NUMBER_OBJECT_CONVERSION = YES_AGGRESSIVE;
				CLANG_CXX_LANGUAGE_STANDARD = "gnu++20";
				CLANG_ENABLE_MODULES = YES;
				CLANG_ENABLE_OBJC_ARC = YES;
				CLANG_ENABLE_OBJC_WEAK = YES;
				CLANG_WARN_BLOCK_CAPTURE_AUTORELEASING = YES;
				CLANG_WARN_BOOL_CONVERSION = YES;
				CLANG_WARN_COMMA = YES;
				CLANG_WARN_CONSTANT_CONVERSION = YES;
				CLANG_WARN_DEPRECATED_OBJC_IMPLEMENTATIONS = YES;
				CLANG_WARN_DIRECT_OBJC_ISA_USAGE = YES_ERROR;
				CLANG_WARN_DOCUMENTATION_COMMENTS = YES;
				CLANG_WARN_EMPTY_BODY = YES;
				CLANG_WARN_ENUM_CONVERSION = YES;
				CLANG_WARN_INFINITE_RECURSION = YES;
				CLANG_WARN_INT_CONVERSION = YES;
				CLANG_WARN_NON_LITERAL_NULL_CONVERSION = YES;
				CLANG_WARN_OBJC_IMPLICIT_RETAIN_SELF = YES;
				CLANG_WARN_OBJC_LITERAL_CONVERSION = YES;
				CLANG_WARN_OBJC_ROOT_CLASS = YES_ERROR;
				CLANG_WARN_QUOTED_INCLUDE_IN_FRAMEWORK_HEADER = YES;
				CLANG_WARN_RANGE_LOOP_ANALYSIS = YES;
				CLANG_WARN_STRICT_PROTOTYPES = YES;
				CLANG_WARN_SUSPICIOUS_MOVE = YES;
				CLANG_WARN_UNGUARDED_AVAILABILITY = YES_AGGRESSIVE;
				CLANG_WARN_UNREACHABLE_CODE = YES;
				CLANG_WARN__DUPLICATE_METHOD_MATCH = YES;
				COPY_PHASE_STRIP = NO;
				DEBUG_INFORMATION_FORMAT = "dwarf-with-dsym";
				ENABLE_NS_ASSERTIONS = NO;
				ENABLE_STRICT_OBJC_MSGSEND = YES;
				GCC_C_LANGUAGE_STANDARD = gnu11;
				GCC_NO_COMMON_BLOCKS = YES;
				GCC_WARN_64_TO_32_BIT_CONVERSION = YES;
				GCC_WARN_ABOUT_RETURN_TYPE = YES_ERROR;
				GCC_WARN_UNDECLARED_SELECTOR = YES;
				GCC_WARN_UNINITIALIZED_AUTOS = YES_AGGRESSIVE;
				GCC_WARN_UNUSED_FUNCTION = YES;
				GCC_WARN_UNUSED_VARIABLE = YES;
				IPHONEOS_DEPLOYMENT_TARGET = 16.4;
				MTL_ENABLE_DEBUG_INFO = NO;
				MTL_FAST_MATH = YES;
				SDKROOT = iphoneos;
				SWIFT_COMPILATION_MODE = wholemodule;
				SWIFT_OPTIMIZATION_LEVEL = "-O";
				VALIDATE_PRODUCT = YES;
			};
			name = Release;
		};
		D34675292A0BAD3E002FB4DC /* Debug */ = {
			isa = XCBuildConfiguration;
			buildSettings = {
				ASSETCATALOG_COMPILER_APPICON_NAME = AppIcon;
				ASSETCATALOG_COMPILER_GLOBAL_ACCENT_COLOR_NAME = AccentColor;
				CODE_SIGN_STYLE = Automatic;
				CURRENT_PROJECT_VERSION = 1;
				DEVELOPMENT_ASSET_PATHS = "\"MyApp/Preview Content\"";
				ENABLE_PREVIEWS = YES;
				GENERATE_INFOPLIST_FILE = YES;
				INFOPLIST_KEY_UIApplicationSceneManifest_Generation = YES;
				INFOPLIST_KEY_UIApplicationSupportsIndirectInputEvents = YES;
				INFOPLIST_KEY_UILaunchScreen_Generation = YES;
				INFOPLIST_KEY_UISupportedInterfaceOrientations_iPad = "UIInterfaceOrientationPortrait UIInterfaceOrientationPortraitUpsideDown UIInterfaceOrientationLandscapeLeft UIInterfaceOrientationLandscapeRight";
				INFOPLIST_KEY_UISupportedInterfaceOrientations_iPhone = "UIInterfaceOrientationPortrait UIInterfaceOrientationLandscapeLeft UIInterfaceOrientationLandscapeRight";
				LD_RUNPATH_SEARCH_PATHS = (
					"$(inherited)",
					"@executable_path/Frameworks",
				);
				MARKETING_VERSION = 1.0;
				PRODUCT_BUNDLE_IDENTIFIER = com.MyApp;
				PRODUCT_NAME = "$(TARGET_NAME)";
				SWIFT_EMIT_LOC_STRINGS = YES;
				SWIFT_VERSION = 5.0;
				TARGETED_DEVICE_FAMILY = "1,2";
			};
			name = Debug;
		};
		D346752A2A0BAD3E002FB4DC /* Release */ = {
			isa = XCBuildConfiguration;
			buildSettings = {
				ASSETCATALOG_COMPILER_APPICON_NAME = AppIcon;
				ASSETCATALOG_COMPILER_GLOBAL_ACCENT_COLOR_NAME = AccentColor;
				CODE_SIGN_STYLE = Automatic;
				CURRENT_PROJECT_VERSION = 1;
				DEVELOPMENT_ASSET_PATHS = "\"MyApp/Preview Content\"";
				ENABLE_PREVIEWS = YES;
				GENERATE_INFOPLIST_FILE = YES;
				INFOPLIST_KEY_UIApplicationSceneManifest_Generation = YES;
				INFOPLIST_KEY_UIApplicationSupportsIndirectInputEvents = YES;
				INFOPLIST_KEY_UILaunchScreen_Generation = YES;
				INFOPLIST_KEY_UISupportedInterfaceOrientations_iPad = "UIInterfaceOrientationPortrait UIInterfaceOrientationPortraitUpsideDown UIInterfaceOrientationLandscapeLeft UIInterfaceOrientationLandscapeRight";
				INFOPLIST_KEY_UISupportedInterfaceOrientations_iPhone = "UIInterfaceOrientationPortrait UIInterfaceOrientationLandscapeLeft UIInterfaceOrientationLandscapeRight";
				LD_RUNPATH_SEARCH_PATHS = (
					"$(inherited)",
					"@executable_path/Frameworks",
				);
				MARKETING_VERSION = 1.0;
				PRODUCT_BUNDLE_IDENTIFIER = com.MyApp;
				PRODUCT_NAME = "$(TARGET_NAME)";
				SWIFT_EMIT_LOC_STRINGS = YES;
				SWIFT_VERSION = 5.0;
				TARGETED_DEVICE_FAMILY = "1,2";
			};
			name = Release;
		};
/* End XCBuildConfiguration section */

/* Begin XCConfigurationList section */
		D34675102A0BAD3D002FB4DC /* Build configuration list for PBXProject "MyApp" */ = {
			isa = XCConfigurationList;
			buildConfigurations = (
				D34675262A0BAD3E002FB4DC /* Debug */,
				D34675272A0BAD3E002FB4DC /* Release */,
			);
			defaultConfigurationIsVisible = 0;
			defaultConfigurationName = Release;
		};
		D34675282A0BAD3E002FB4DC /* Build configuration list for PBXNativeTarget "MyApp" */ = {
			isa = XCConfigurationList;
			buildConfigurations = (
				D34675292A0BAD3E002FB4DC /* Debug */,
				D346752A2A0BAD3E002FB4DC /* Release */,
			);
			defaultConfigurationIsVisible = 0;
			defaultConfigurationName = Release;
		};
/* End XCConfigurationList section */

/* Begin XCVersionGroup section */
		D34675232A0BAD3E002FB4DC /* MyApp.xcdatamodeld */ = {
			isa = XCVersionGroup;
			children = (
				D34675242A0BAD3E002FB4DC /* MyApp.xcdatamodel */,
			);
			currentVersion = D34675242A0BAD3E002FB4DC /* MyApp.xcdatamodel */;
			path = MyApp.xcdatamodeld;
			sourceTree = "<group>";
			versionGroupType = wrapper.xcdatamodel;
		};
/* End XCVersionGroup section */
	};
	rootObject = D346750D2A0BAD3D002FB4DC /* Project object */;
}
